Microsoft Visual Studio Solution File, Format Version 12.00
# Visual Studio Version 17
VisualStudioVersion = 17.0.31611.283
MinimumVisualStudioVersion = 10.0.40219.1
Project("{9A19103F-16F7-4668-BE54-9A1E7A4F7556}") = "SIG", "SIG\SIG.csproj", "{7D47C421-8370-44D2-B488-3C4C7D8B1F97}"
EndProject
Project("{9A19103F-16F7-4668-BE54-9A1E7A4F7556}") = "SIG.Blazor", "SIG.Blazor\SIG.Blazor.csproj", "{72FE6CC5-81A6-4E4D-8162-F50E6B39E1FD}"
EndProject
Project("{2150E333-8FDC-42A3-9474-1A3956D46DE8}") = ".git", ".git", "{8FA065F7-DC08-4520-8C65-5D1D56540D2C}"
	ProjectSection(SolutionItems) = preProject
		.github\workflows\azure-static-web-apps-thankful-meadow-08d4da910.yml = .github\workflows\azure-static-web-apps-thankful-meadow-08d4da910.yml
		.github\workflows\myvtmiim-functions.yml = .github\workflows\myvtmiim-functions.yml
	EndProjectSection
EndProject
Project("{9A19103F-16F7-4668-BE54-9A1E7A4F7556}") = "SIG.API", "SIG.API\SIG.API.csproj", "{A67A7D1D-9ED5-4D4A-BB46-C7B073B0617E}"
EndProject
Project("{9A19103F-16F7-4668-BE54-9A1E7A4F7556}") = "SIG.Shared", "SIG.Shared\SIG.Shared.csproj", "{4E41E8DB-8AD3-4153-AE9A-056CD84D2210}"
EndProject
Project("{FAE04EC0-301F-11D3-BF4B-00C04F79EFBC}") = "Sig.FunctionApi", "Sig.FunctionApi\Sig.FunctionApi.csproj", "{978E993B-2192-42A3-B1C3-3AF773A8D13B}"
EndProject
Global
	GlobalSection(SolutionConfigurationPlatforms) = preSolution
		Debug|Any CPU = Debug|Any CPU
		Release|Any CPU = Release|Any CPU
	EndGlobalSection
	GlobalSection(ProjectConfigurationPlatforms) = postSolution
		{7D47C421-8370-44D2-B488-3C4C7D8B1F97}.Debug|Any CPU.ActiveCfg = Debug|Any CPU
		{7D47C421-8370-44D2-B488-3C4C7D8B1F97}.Debug|Any CPU.Build.0 = Debug|Any CPU
		{7D47C421-8370-44D2-B488-3C4C7D8B1F97}.Debug|Any CPU.Deploy.0 = Debug|Any CPU
		{7D47C421-8370-44D2-B488-3C4C7D8B1F97}.Release|Any CPU.ActiveCfg = Release|Any CPU
		{7D47C421-8370-44D2-B488-3C4C7D8B1F97}.Release|Any CPU.Build.0 = Release|Any CPU
		{7D47C421-8370-44D2-B488-3C4C7D8B1F97}.Release|Any CPU.Deploy.0 = Release|Any CPU
		{72FE6CC5-81A6-4E4D-8162-F50E6B39E1FD}.Debug|Any CPU.ActiveCfg = Debug|Any CPU
		{72FE6CC5-81A6-4E4D-8162-F50E6B39E1FD}.Debug|Any CPU.Build.0 = Debug|Any CPU
		{72FE6CC5-81A6-4E4D-8162-F50E6B39E1FD}.Release|Any CPU.ActiveCfg = Release|Any CPU
		{72FE6CC5-81A6-4E4D-8162-F50E6B39E1FD}.Release|Any CPU.Build.0 = Release|Any CPU
		{A67A7D1D-9ED5-4D4A-BB46-C7B073B0617E}.Debug|Any CPU.ActiveCfg = Debug|Any CPU
		{A67A7D1D-9ED5-4D4A-BB46-C7B073B0617E}.Debug|Any CPU.Build.0 = Debug|Any CPU
		{A67A7D1D-9ED5-4D4A-BB46-C7B073B0617E}.Release|Any CPU.ActiveCfg = Release|Any CPU
		{A67A7D1D-9ED5-4D4A-BB46-C7B073B0617E}.Release|Any CPU.Build.0 = Release|Any CPU
		{4E41E8DB-8AD3-4153-AE9A-056CD84D2210}.Debug|Any CPU.ActiveCfg = Debug|Any CPU
		{4E41E8DB-8AD3-4153-AE9A-056CD84D2210}.Debug|Any CPU.Build.0 = Debug|Any CPU
		{4E41E8DB-8AD3-4153-AE9A-056CD84D2210}.Release|Any CPU.ActiveCfg = Release|Any CPU
		{4E41E8DB-8AD3-4153-AE9A-056CD84D2210}.Release|Any CPU.Build.0 = Release|Any CPU
		{978E993B-2192-42A3-B1C3-3AF773A8D13B}.Debug|Any CPU.ActiveCfg = Debug|Any CPU
		{978E993B-2192-42A3-B1C3-3AF773A8D13B}.Debug|Any CPU.Build.0 = Debug|Any CPU
		{978E993B-2192-42A3-B1C3-3AF773A8D13B}.Release|Any CPU.ActiveCfg = Release|Any CPU
		{978E993B-2192-42A3-B1C3-3AF773A8D13B}.Release|Any CPU.Build.0 = Release|Any CPU
	EndGlobalSection
	GlobalSection(SolutionProperties) = preSolution
		HideSolutionNode = FALSE
	EndGlobalSection
	GlobalSection(ExtensibilityGlobals) = postSolution
		SolutionGuid = {61F7FB11-1E47-470C-91E2-47F8143E1572}
	EndGlobalSection
EndGlobal
